<?xml version="1.0" encoding="UTF-8" standalone="yes" ?>
<CodeBlocks_project_file>
	<FileVersion major="1" minor="6" />
	<Project>
		<Option title="xPLThermostat - Tests" />
		<Option pch_mode="2" />
		<Option compiler="gcc" />
		<Build>
			<Target title="Release">
				<Option output="bin/xPLThermostat" prefix_auto="1" extension_auto="1" />
				<Option object_output="obj/" />
				<Option type="1" />
				<Option compiler="gcc" />
				<Option parameters="/Console" />
				<Compiler>
					<Add option="-O2" />
					<Add option="-std=c++11" />
				</Compiler>
				<Linker>
					<Add library="ws2_32" />
				</Linker>
			</Target>
			<Target title="Debug">
				<Option output="bin/xPLThermostat-test" prefix_auto="1" extension_auto="1" />
				<Option object_output="obj/" />
				<Option type="1" />
				<Option compiler="gcc" />
				<Option parameters="/Console" />
				<Compiler>
					<Add option="-pedantic" />
					<Add option="-std=c++11" />
					<Add option="-Wextra" />
					<Add option="-Wall" />
					<Add option="-g" />
				</Compiler>
				<Linker>
					<Add library="ws2_32" />
				</Linker>
			</Target>
		</Build>
		<Compiler>
			<Add option="-std=c++11" />
			<Add option="-Wall" />
			<Add option="-fexceptions" />
			<Add option="-DWIN32" />
			<Add directory="dependency" />
		</Compiler>
		<Unit filename="dependency/Plateforms/Plateforms.cpp" />
		<Unit filename="dependency/Plateforms/Plateforms.h" />
		<Unit filename="dependency/SafeFunctions/SafeFunctions.cpp" />
		<Unit filename="dependency/SafeFunctions/SafeFunctions.h" />
		<Unit filename="dependency/Service/Service.cpp" />
		<Unit filename="dependency/Service/Service.h" />
		<Unit filename="dependency/SimpleFolders/SimpleFolders.cpp" />
		<Unit filename="dependency/SimpleFolders/SimpleFolders.h" />
		<Unit filename="dependency/SimpleIni/SimpleIni.cpp" />
		<Unit filename="dependency/SimpleIni/SimpleIni.h" />
		<Unit filename="dependency/SimpleLog/SimpleLog.cpp" />
		<Unit filename="dependency/SimpleLog/SimpleLog.h" />
		<Unit filename="dependency/SimpleSock/SimpleSock.h" />
		<Unit filename="dependency/StringTools/StringTools.cpp" />
		<Unit filename="dependency/StringTools/StringTools.h" />
		<Unit filename="dependency/UnitTest/UnitTest.cpp" />
		<Unit filename="dependency/UnitTest/UnitTest.h" />
		<Unit filename="dependency/UnitTest/termcolor.h" />
		<Unit filename="dependency/xPLLib/Address.cpp" />
		<Unit filename="dependency/xPLLib/Address.h" />
		<Unit filename="dependency/xPLLib/Extensions/AdvanceConfig.cpp" />
		<Unit filename="dependency/xPLLib/Extensions/AdvanceConfig.h" />
		<Unit filename="dependency/xPLLib/Extensions/BasicConfig.cpp" />
		<Unit filename="dependency/xPLLib/Extensions/BasicConfig.h" />
		<Unit filename="dependency/xPLLib/Extensions/Sensors.cpp" />
		<Unit filename="dependency/xPLLib/Extensions/Sensors.h" />
		<Unit filename="dependency/xPLLib/Schemas/SchemaAdvanceConfig.cpp" />
		<Unit filename="dependency/xPLLib/Schemas/SchemaAdvanceConfig.h" />
		<Unit filename="dependency/xPLLib/Schemas/SchemaConfig.cpp" />
		<Unit filename="dependency/xPLLib/Schemas/SchemaConfig.h" />
		<Unit filename="dependency/xPLLib/Schemas/SchemaControl.cpp" />
		<Unit filename="dependency/xPLLib/Schemas/SchemaControl.h" />
		<Unit filename="dependency/xPLLib/Schemas/SchemaHbeat.cpp" />
		<Unit filename="dependency/xPLLib/Schemas/SchemaHbeat.h" />
		<Unit filename="dependency/xPLLib/Schemas/SchemaObject.cpp" />
		<Unit filename="dependency/xPLLib/Schemas/SchemaObject.h" />
		<Unit filename="dependency/xPLLib/Schemas/SchemaSensor.cpp" />
		<Unit filename="dependency/xPLLib/Schemas/SchemaSensor.h" />
		<Unit filename="dependency/xPLLib/xPLDevCfg.cpp" />
		<Unit filename="dependency/xPLLib/xPLDevCfg.h" />
		<Unit filename="dependency/xPLLib/xPLDevice.cpp" />
		<Unit filename="dependency/xPLLib/xPLDevice.h" />
		<Unit filename="src/CacheDevice.cpp" />
		<Unit filename="src/CacheDevice.h" />
		<Unit filename="src/CacheManager.cpp" />
		<Unit filename="src/CacheManager.h" />
		<Unit filename="src/Thermostat.cpp" />
		<Unit filename="src/Thermostat.h" />
		<Unit filename="src/xPLThermostat.cpp" />
		<Unit filename="src/xPLThermostat.h" />
		<Unit filename="test/ControlSockMock.cpp" />
		<Unit filename="test/ControlSockMock.h" />
		<Unit filename="test/SimpleSockMock.cpp" />
		<Unit filename="test/TestCache.cpp" />
		<Unit filename="test/TestCache.h" />
		<Unit filename="test/TestThermostat.cpp" />
		<Unit filename="test/TestThermostat.h" />
		<Unit filename="test/TestxPLThermostat.cpp" />
		<Unit filename="test/TestxPLThermostat.h" />
		<Unit filename="test/TimeMock.cpp" />
		<Unit filename="test/TimeMock.h" />
		<Unit filename="test/main.cpp" />
		<Extensions>
			<code_completion />
			<envvars />
			<debugger />
		</Extensions>
	</Project>
</CodeBlocks_project_file>
